lockfileVersion: '9.0'

settings:
  autoInstallPeers: true
  excludeLinksFromLockfile: false

importers:

  .:
    dependencies:
      '@supabase/supabase-js':
        specifier: ^2.86.0
        version: 2.112.3
      lucide-react:
        specifier: ^0.468.0
        version: 0.468.0(react@19.2.6)
      react:
        specifier: 19.2.6
        version: 19.2.6
      react-dom:
        specifier: 19.2.6
        version: 19.2.6(react@19.2.6)
    devDependencies:
      '@eslint/js':
        specifier: ^9.39.4
        version: 9.39.5
      '@types/node':
        specifier: ^22.19.19
        version: 22.20.1
      '@types/react':
        specifier: 19.2.14
        version: 19.2.14
      '@types/react-dom':
        specifier: 19.2.3
        version: 19.2.3(@types/react@19.2.14)
      '@vitejs/plugin-react':
        specifier: ^6.0.2
        version: 6.0.5(vite@8.2.1(@types/node@22.20.1))
      eslint:
        specifier: ^9.39.4
        version: 9.39.5(supports-color@7.2.0)
      eslint-plugin-react-hooks:
        specifier: ^7.0.1
        version: 7.1.1(eslint@9.39.5(supports-color@7.2.0))(supports-color@7.2.0)
      eslint-plugin-react-refresh:
        specifier: ^0.4.24
        version: 0.4.26(eslint@9.39.5(supports-color@7.2.0))
      globals:
        specifier: ^16.5.0
        version: 16.5.0
      typescript:
        specifier: ^5.9.3
        version: 5.9.3
      typescript-eslint:
        specifier: ^8.48.1
        version: 8.67.0(eslint@9.39.5(supports-color@7.2.0))(supports-color@7.2.0)(typescript@5.9.3)
      vite:
        specifier: ^8.0.13
        version: 8.2.1(@types/node@22.20.1)

packages:

  '@babel/code-frame@7.29.7':
    resolution: {integrity: sha512-Aup7aUOfpbAUg2ROOJN6Iw5f9DMBlzu0mIkm/malLQFN/YQgO48wCj0Kxa3sEHJvPVFg7siR+qRInwXd2qhQKw==}
    engines: {node: '>=6.9.0'}

  '@babel/compat-data@7.29.7':
    resolution: {integrity: sha512-locTkQyKvwIEgBzVrn8693ebc97F2U8ZHjbXwDXJ5Fn2TCpNwTlKcaKLkdHop5c/icOFE7qt7Q9JC5hnKNa6Gg==}
    engines: {node: '>=6.9.0'}

  '@babel/core@7.29.7':
    resolution: {integrity: sha512-RgHBCvtjbOK2gXSNBNIkNoEc9qoVEtau3hj8gEqKQuL3HZAibKarWFEI3Lfm6EYKkLalOh8eSrj9b+ch9H/VBA==}
    engines: {node: '>=6.9.0'}

  '@babel/generator@7.29.8':
    resolution: {integrity: sha512-gZbepsdh3WDtgZKWL+vTPh71LSBrm/Y4/QDZBVCcYfmeTEEuoOYwlSy+G1StfJg+/Zy550u/3TATbm7qDbbMtg==}
    engines: {node: '>=6.9.0'}

  '@babel/helper-compilation-targets@7.29.7':
    resolution: {integrity: sha512-wem6WaBj4NaVYVdNhLPPVacES6ZJ+KBBfSkTMD3YZxbP3rm3Di85tJU5ljaUNhaOynt+Aj0xruhYuzQBt8n71g==}
    engines: {node: '>=6.9.0'}

  '@babel/helper-globals@7.29.7':
    resolution: {integrity: sha512-3nQVUAtvkKH9zahfWgw96Jc/uFOmjACE1kQz82E2lqWmHBgjzbNlsC22nuQTfahmWeQtTq5nQ/4Nnd2A1wj4zA==}
    engines: {node: '>=6.9.0'}

  '@babel/helper-module-imports@7.29.7':
    resolution: {integrity: sha512-ejHwrQQYcm9xnTivShn2IDOlIzInN34AXskvq9QicvCtEzq1Vzclu/tKF8Jq1Cg8JG2GL6/EmjgsCT7lXepE3g==}
    engines: {node: '>=6.9.0'}

  '@babel/helper-module-transforms@7.29.7':
    resolution: {integrity: sha512-UPUVSyXbOh627KiCIGQSgwWzGeBKLkaJ9PJEdrngIwMSzxLR4jS4+f1f1jb7VzBbg8nFLaYotvVPFCTqdrmTAg==}
    engines: {node: '>=6.9.0'}
    peerDependencies:
      '@babel/core': ^7.0.0

  '@babel/helper-string-parser@7.29.7':
    resolution: {integrity: sha512-Pb5ijPrZ89GDH8223L4UP8i6QApWxs04RbPQJTeWDV0/keR2E36MeKnyr6LYmUUvqRRI+Iv87SuF1W6ErINzYw==}
    engines: {node: '>=6.9.0'}

  '@babel/helper-validator-identifier@7.29.7':
    resolution: {integrity: sha512-qehxGkRj55h/ff8EMaJ+cYhyaKlHIxqYDn682wQD7RNp9UujOQsHog2uS0r2vzr4pW+sXf90NeeayjcNaX3fFg==}
    engines: {node: '>=6.9.0'}

  '@babel/helper-validator-option@7.29.7':
    resolution: {integrity: sha512-N9ZErrD+yW5geCDtBqnOoxmR8+tNKiGuxKlDpuJxfsqpa2dFcexaziGAE/qoHLiDDreVNMupxGmSoNlyvsA3gw==}
    engines: {node: '>=6.9.0'}

  '@babel/helpers@7.29.7':
    resolution: {integrity: sha512-1k2lAGRMfHTcwuNYcCNUmaUffmQv8KWMfh2iJUUeRlwlwH4FdNG7mfPI10NPfLHJFThE4Tyr4mv7kTNZOiPuBg==}
    engines: {node: '>=6.9.0'}

  '@babel/parser@7.29.8':
    resolution: {integrity: sha512-E8lTAYNB1KW+FH+VGJuZM1ioAx2E6oVlvQFRrf5P8ZZmsiJXYAD9vTFV7yyEURNzgh1dFqMZuO6tUwcARbqFCA==}
    engines: {node: '>=6.0.0'}
    hasBin: true

  '@babel/template@7.29.7':
    resolution: {integrity: sha512-puq+Gf35oI24FeN11LkoUQFqv9uwNeWpxXZi/Ji3rRIoKAzKnxRaZ+Gkj0vKS9ZCiTESfng1N9LyOyXvo+m+Gg==}
    engines: {node: '>=6.9.0'}

  '@babel/traverse@7.29.8':
    resolution: {integrity: sha512-I5z7H3bf/41ktsNVLtpN0wAa336HkqIHQ5BuPLEhTkt1jVSyZpeNKIzTgEWmlxjdg81R0IgUCcaE+Ok3NvrfZg==}
    engines: {node: '>=6.9.0'}

  '@babel/types@7.29.8':
    resolution: {integrity: sha512-Vj1jF3cPfxg7OAfoI7QnVKLoILlm2JF9pnVHrX8qx7AHMiYWT+NDAA7jChlNgRS4WTLc/fD1lXLmPixluj+3Gg==}
    engines: {node: '>=6.9.0'}

  '@eslint-community/eslint-utils@4.10.1':
    resolution: {integrity: sha512-cuadcxVFE8sDK6iWJbs8Sn0av2Nrh2QSGQhVlBW9AaAHqHwjWsZHT8LJ4hFGPh7ASBV2deFdM7H/DPjulmh8rg==}
    engines: {node: ^12.22.0 || ^14.17.0 || >=16.0.0}
    peerDependencies:
      eslint: ^6.0.0 || ^7.0.0 || >=8.0.0

  '@eslint-community/regexpp@4.12.2':
    resolution: {integrity: sha512-EriSTlt5OC9/7SXkRSCAhfSxxoSUgBm33OH+IkwbdpgoqsSsUg7y3uh+IICI/Qg4BBWr3U2i39RpmycbxMq4ew==}
    engines: {node: ^12.0.0 || ^14.0.0 || >=16.0.0}

  '@eslint/config-array@0.21.2':
    resolution: {integrity: sha512-nJl2KGTlrf9GjLimgIru+V/mzgSK0ABCDQRvxw5BjURL7WfH5uoWmizbH7QB6MmnMBd8cIC9uceWnezL1VZWWw==}
    engines: {node: ^18.18.0 || ^20.9.0 || >=21.1.0}

  '@eslint/config-helpers@0.4.2':
    resolution: {integrity: sha512-gBrxN88gOIf3R7ja5K9slwNayVcZgK6SOUORm2uBzTeIEfeVaIhOpCtTox3P6R7o2jLFwLFTLnC7kU/RGcYEgw==}
    engines: {node: ^18.18.0 || ^20.9.0 || >=21.1.0}

  '@eslint/core@0.17.0':
    resolution: {integrity: sha512-yL/sLrpmtDaFEiUj1osRP4TI2MDz1AddJL+jZ7KSqvBuliN4xqYY54IfdN8qD8Toa6g1iloph1fxQNkjOxrrpQ==}
    engines: {node: ^18.18.0 || ^20.9.0 || >=21.1.0}

  '@eslint/eslintrc@3.3.6':
    resolution: {integrity: sha512-l2Ul9PrHsPCKcEY/ac7VgFj9D80C7S68sOKc618SyHDPK36s1XcFebXY0iTzUVn4Yq+YbwvSnDmCz9yxjX+QrA==}
    engines: {node: ^18.18.0 || ^20.9.0 || >=21.1.0}

  '@eslint/js@9.39.5':
    resolution: {integrity: sha512-QywQuszQh77pIXCsq998c8hbhSTI/azTty1Z6N53dmAudKHhy573j3yvRLsX2BSp8YpLtoCEG8E9DJe+8zUh4A==}
    engines: {node: ^18.18.0 || ^20.9.0 || >=21.1.0}

  '@eslint/object-schema@2.1.7':
    resolution: {integrity: sha512-VtAOaymWVfZcmZbp6E2mympDIHvyjXs/12LqWYjVw6qjrfF+VK+fyG33kChz3nnK+SU5/NeHOqrTEHS8sXO3OA==}
    engines: {node: ^18.18.0 || ^20.9.0 || >=21.1.0}

  '@eslint/plugin-kit@0.4.1':
    resolution: {integrity: sha512-43/qtrDUokr7LJqoF2c3+RInu/t4zfrpYdoSDfYyhg52rwLV6TnOvdG4fXm7IkSB3wErkcmJS9iEhjVtOSEjjA==}
    engines: {node: ^18.18.0 || ^20.9.0 || >=21.1.0}

  '@humanfs/core@0.19.2':
    resolution: {integrity: sha512-UhXNm+CFMWcbChXywFwkmhqjs3PRCmcSa/hfBgLIb7oQ5HNb1wS0icWsGtSAUNgefHeI+eBrA8I1fxmbHsGdvA==}
    engines: {node: '>=18.18.0'}

  '@humanfs/node@0.16.8':
    resolution: {integrity: sha512-gE1eQNZ3R++kTzFUpdGlpmy8kDZD/MLyHqDwqjkVQI0JMdI1D51sy1H958PNXYkM2rAac7e5/CnIKZrHtPh3BQ==}
    engines: {node: '>=18.18.0'}

  '@humanfs/types@0.15.0':
    resolution: {integrity: sha512-ZZ1w0aoQkwuUuC7Yf+7sdeaNfqQiiLcSRbfI08oAxqLtpXQr9AIVX7Ay7HLDuiLYAaFPu8oBYNq/QIi9URHJ3Q==}
    engines: {node: '>=18.18.0'}

  '@humanwhocodes/module-importer@1.0.1':
    resolution: {integrity: sha512-bxveV4V8v5Yb4ncFTT3rPSgZBOpCkjfK0y4oVVVJwIuDVBRMDXrPyXRL988i5ap9m9bnyEEjWfm5WkBmtffLfA==}
    engines: {node: '>=12.22'}

  '@humanwhocodes/retry@0.4.3':
    resolution: {integrity: sha512-bV0Tgo9K4hfPCek+aMAn81RppFKv2ySDQeMoSZuvTASywNTnVJCArCZE2FWqpvIatKu7VMRLWlR1EazvVhDyhQ==}
    engines: {node: '>=18.18'}

  '@jridgewell/gen-mapping@0.3.13':
    resolution: {integrity: sha512-2kkt/7niJ6MgEPxF0bYdQ6etZaA+fQvDcLKckhy1yIQOzaoKjBBjSj63/aLVjYE3qhRt5dvM+uUyfCg6UKCBbA==}

  '@jridgewell/remapping@2.3.5':
    resolution: {integrity: sha512-LI9u/+laYG4Ds1TDKSJW2YPrIlcVYOwi2fUC6xB43lueCjgxV4lffOCZCtYFiH6TNOX+tQKXx97T4IKHbhyHEQ==}

  '@jridgewell/resolve-uri@3.1.2':
    resolution: {integrity: sha512-bRISgCIjP20/tbWSPWMEi54QVPRZExkuD9lJL+UIxUKtwVJA8wW1Trb1jMs1RFXo1CBTNZ/5hpC9QvmKWdopKw==}
    engines: {node: '>=6.0.0'}

  '@jridgewell/sourcemap-codec@1.5.5':
    resolution: {integrity: sha512-cYQ9310grqxueWbl+WuIUIaiUaDcj7WOq5fVhEljNVgRfOUhY9fy2zTvfoqWsnebh8Sl70VScFbICvJnLKB0Og==}

  '@jridgewell/trace-mapping@0.3.31':
    resolution: {integrity: sha512-zzNR+SdQSDJzc8joaeP8QQoCQr8NuYx2dIIytl1QeBEZHJ9uW6hebsrYgbz8hJwUQao3TWCMtmfV8Nu1twOLAw==}

  '@oxc-project/types@0.144.0':
    resolution: {integrity: sha512-nuhZIOLuI6TFQ32I/WnUx+SCPY7SdSKwgnFHydAuoS1+Z4BRcaP+RRJmGzl9lw+0OFF7UmaESf7KQRXaNLHypg==}

  '@rolldown/binding-android-arm64@1.2.4':
    resolution: {integrity: sha512-jHC2cnyKz5xU2fhECtFl8OZ83cYNt13GZQD+0uMJ/X3o+ijmd56okHhTUwxVSHPx1IRVIJEZ1/1pPzeLCU6XKA==}
    engines: {node: ^20.19.0 || >=22.12.0}
    cpu: [arm64]
    os: [android]

  '@rolldown/binding-darwin-arm64@1.2.4':
    resolution: {integrity: sha512-Dc5mPD8F5F/FS8i01syd7FTF6yB2fVthH/TRkjwJkzUK6EpoxHtqvZQP5Zwq80/5z19TWYHIg1KOHboCgVx/aQ==}
    engines: {node: ^20.19.0 || >=22.12.0}
    cpu: [arm64]
    os: [darwin]

  '@rolldown/binding-darwin-x64@1.2.4':
    resolution: {integrity: sha512-fpDm4oBo6SqLvWUYCmFhdde3U9KH2fRNNMeAnAPAIwxRL345xutL0EtEUcuoxsoazdJGv/MuDBQHlCDrtbvqOg==}
    engines: {node: ^20.19.0 || >=22.12.0}
    cpu: [x64]
    os: [darwin]

  '@rolldown/binding-freebsd-x64@1.2.4':
    resolution: {integrity: sha512-rSJoreDE/HoIzoaib6MTp5jQtCTdMHKIvItAKT/ImS6Y6Ww76oUaeMyp4Vc/fAgd/ehji068IxetHXAnqUwN9A==}
    engines: {node: ^20.19.0 || >=22.12.0}
    cpu: [x64]
    os: [freebsd]

  '@rolldown/binding-linux-arm-gnueabihf@1.2.4':
    resolution: {integrity: sha512-/jm8OGHgn7oGaJu3i/qZI9spUGcJ+y/lk43ttQ/iO1tOd9NissG6o97bighBCiL+BKRngmcDuR6ikfwYdJmVuQ==}
    engines: {node: ^20.19.0 || >=22.12.0}
    cpu: [arm]
    os: [linux]

  '@rolldown/binding-linux-arm64-gnu@1.2.4':
    resolution: {integrity: sha512-tIP06BeD9EqvECBrPZ+sqdPlYrT+aYaAiu1wYziVx5elRK/ftm33JxVDy2bXGbr6J0CrtirCkR87/X5a2euEng==}
    engines: {node: ^20.19.0 || >=22.12.0}
    cpu: [arm64_m{׻h��춻�q�^tuserId={session.user.id} email={session.user.email ?? ""} />;
}

function Inventory({ userId, email }: { userId: string; email: string }) {
  const [items, setItems] = useState<FreezerItem[]>([]);
  const [loading, setLoading] = useState(true);
  const [query, setQuery] = useState("");
  const [showForm, setShowForm] = useState(false);
  const [error, setError] = useState("");
  const [notifications, setNotifications] = useState(Notification.permission === "granted");
  useEffect(() => { listItems().then(setItems).catch((e: Error) => setError(e.message)).finally(() => setLoading(false)); }, []);
  const due = useMemo(() => items.filter((item) => status(item).tone !== "fresh"), [items]);
  const filtered = items.filter((item) => `${item.name} ${categoryLabel(item.category)}`.toLowerCase().includes(query.trim().toLowerCase()));
  async function enableNotifications() {
    const permission = await Notification.requestPermission(); setNotifications(permission === "granted");
    if (permission === "granted" && due.length) new Notification("Påminnelse fra Fryseboksen", { body: `${due.length} varer bør brukes snart.` });
  }
  async function add(event: FormEvent<HTMLFormElement>) {
    event.preventDefault(); setError("");
    try { const item = await createItem(new FormData(event.currentTarget), userId); setItems((current) => [item, ...current]); setShowForm(false); }
    catch (e) { setError(e instanceof Error ? e.message : "Kunne ikke lagre varen"); }
  }
  async function remove(item: FreezerItem) {
    if (!confirm(`Fjerne ${item.name} fra fryseren?`)) return;
    try { await deleteItem(item); setItems((current) => current.filter(({ id }) => id !== item.id)); } catch (e) { setError(e instanceof Error ? e.message : "Kunne ikke fjerne varen"); }
  }
  return <main>
    <header className={styles.topbar}><a className={styles.brand} href="#top"><span className={styles.brandMark}><Snowflake size={20} /></span>Fryseboksen</a><div className={styles.headerActions}><button className={styles.secondary} onClick={enableNotifications}>{notifications ? <BellRing size={17} /> : <Bell size={17} />}<span>Påminnelser</span></button><button className={styles.iconButton} onClick={() => supabase.auth.signOut()} title={`Logg ut ${email}`}><LogOut size={18} /></button></div></header>
    <section className={styles.hero} id="top"><div><span className={styles.eyebrow}>FRYSEREN DIN – MED FULL OVERSIKT</span><h1>Vit hva som er der.<br /><em>Bruk det i tide.</em></h1><p>Registrer det du fryser ned, se hva som bør brukes snart, og kast mindre mat.</p><button className={styles.primary} onClick={() => setShowForm(true)}><Plus size={19} /> Legg til vare</button></div><div className={styles.freezer}><Snowflake size={74} /><strong>−18°C</strong><span>{items.length} varer lagret</span></div></section>
    <section className={styles.inventory}>
      <div className={styles.stats}><div><strong>{items.length}</strong><span>varer lagret</span></div><div><strong>{due.length}</strong><span>bruk snart</span></div><div><strong>{new Set(items.map((item) => item.category)).size}</strong><span>kategorier</span></div></div>
      {due.length > 0 && <div className={styles.notice}><Clock3 /><div><strong>En liten påminnelse</strong><p>{due.length} varer begynner å bli gamle.</p></div></div>}
      <div className={styles.inventoryHead}><div><span>INNHOLD</span><h2>Dette har du i fryseren</h2></div><button className={styles.primary} onClick={() => setShowForm(true)}><Plus size={18} /> Legg til</button></div>
      <label className={styles.search}><Search size={19} /><input value={query} onChange={(e) => setQuery(e.target.value)} placeholder="Søk i fryseren…" /></label>
      {error && <div className={styles.error}>{error}</div>}
      {loading ? <div className={styles.empty}>Laster fryseren…</div> : filtered.length ? <div className={styles.grid}>{filtered.map((item) => { const itemStatus = status(item); return <article className={styles.card} key={item.id}><div className={styles.image}>{item.imageUrl ? <img src={item.imageUrl} alt={item.name} /> : <IceCreamBowl size={42} />}<span className={`${styles.status} ${styles[itemStatus.tone]}`}>{itemStatus.tone === "fresh" && <Check size={13} />}{itemStatus.label}</span><button className={styles.deleteButton} onClick={() => remove(item)} aria-label={`Fjern ${item.name}`}><Trash2 size={16} /></button></div><div className={styles.cardBody}><div><h3>{item.name}</h3><b>×{item.quantity}</b></div><span>{categoryLabel(item.category)}</span><p>Fryst {new Intl.DateTimeFormat("nb-NO").format(new Date(`${item.frozenOn}T12:00:00`))}</p></div></article>; })}</div> : <div className={styles.empty}><PackageOpen size={42} /><h3>Fryseren er klar</h3><p>Legg til den første varen.</p></div>}
    </section>
    {showForm && <ItemModal onClose={() => setShowForm(false)} onSubmit={add} />}
  </main>;
}

function ItemModal({ onClose, onSubmit }: { onClose: () => void; onSubmit: (event: FormEvent<HTMLFormElement>) => void }) {
  const [preview, setPreview] = useState<string>();
  function previewImage(event: ChangeEvent<HTMLInputElement>) { const file = event.target.files?.[0]; if (file) setPreview(URL.createObjectURL(file)); }
  return <div className={styles.backdrop} onMouseDown={(e) => e.target === e.currentTarget && onClose()}><section className={styles.modal} role="dialog" aria-modal="true"><button className={styles.close} onClick={onClose}><X /></button><h2>Legg til i fryseren</h2><form onSubmit={onSubmit}>
    <label className={styles.photo}>{preview ? <img src={preview} alt="Forhåndsvisning" /> : <><ImagePlus /><span>Legg til bilde</span></>}<input name="image" type="file" accept="image/jpeg,image/png,image/webp" onChange={previewImage} /></label>
    <label>Navn<input name="name" required maxLength={80} /></label><div className={styles.formRow}><label>Fryst ned<input name="frozenOn" type="date" defaultValue={new Date().toISOString().slice(0, 10)} required /></label><label>Antall<input name="quantity" type="number" min="1" max="99" defaultValue="1" required /></label></div>
    <div className={styles.formRow}><label>Kategori<select name="category">{categories.map(([value, label]) => <option key={value} value={value}>{label}</option>)}</select></label><label>Bruk innen<select name="useWithinDays" defaultValue="90"><option value="30">30 dager</option><option value="60">60 dager</option><option value="90">90 dager</option><option value="180">6 måneder</option><option value="365">1 år</option></select></label></div>
    <button className={styles.primary}>Legg til i fryseren</button>
  </form></section></div>;
}
